
Microsoft Visual Studio Solution File, Format Version 12.00
# Visual Studio Version 16
VisualStudioVersion = 16.0.30320.27
MinimumVisualStudioVersion = 10.0.40219.1
Project("{FAE04EC0-301F-11D3-BF4B-00C04F79EFBC}") = "TimeTrackingUserControl2", "TimeTrackingUserControl2\TimeTrackingUserControl2.csproj", "{AAA0F1B1-7F5B-477A-BE3F-E420419EF242}"
EndProject
Project("{FAE04EC0-301F-11D3-BF4B-00C04F79EFBC}") = "TestTimeTrackingUserControl", "TestTimeTrackingUserControl\TestTimeTrackingUserControl.csproj", "{77C37B26-408E-4944-8E01-5B022189E4EE}"
EndProject
Global
	GlobalSection(SolutionConfigurationPlatforms) = preSolution
		Debug|Any CPU = Debug|Any CPU
		Release|Any CPU = Release|Any CPU
	EndGlobalSection
	GlobalSection(ProjectConfigurationPlatforms) = postSolution
		{AAA0F1B1-7F5B-477A-BE3F-E420419EF242}.Debug|Any CPU.ActiveCfg = Debug|Any CPU
		{AAA0F1B1-7F5B-477A-BE3F-E420419EF242}.Debug|Any CPU.Build.0 = Debug|Any CPU
		{AAA0F1B1-7F5B-477A-BE3F-E420419EF242}.Release|Any CPU.ActiveCfg = Release|Any CPU
		{AAA0F1B1-7F5B-477A-BE3F-E420419EF242}.Release|Any CPU.Build.0 = Release|Any CPU
		{77C37B26-408E-4944-8E01-5B022189E4EE}.Debug|Any CPU.ActiveCfg = Debug|Any CPU
		{77C37B26-408E-4944-8E01-5B022189E4EE}.Debug|Any CPU.Build.0 = Debug|Any CPU
		{77C37B26-408E-4944-8E01-5B022189E4EE}.Release|Any CPU.ActiveCfg = Release|Any CPU
		{77C37B26-408E-4944-8E01-5B022189E4EE}.Release|Any CPU.Build.0 = Release|Any CPU
	EndGlobalSection
	GlobalSection(SolutionProperties) = preSolution
		HideSolutionNode = FALSE
	EndGlobalSection
	GlobalSection(ExtensibilityGlobals) = postSolution
		SolutionGuid = {209D20CB-6A6C-4923-9D96-4126F49B7672}
	EndGlobalSection
EndGlobal
